
Microsoft Visual Studio Solution File, Format Version 12.00
# Visual Studio Version 17
VisualStudioVersion = 17.10.35122.118
MinimumVisualStudioVersion = 10.0.40219.1
Project("{FAE04EC0-301F-11D3-BF4B-00C04F79EFBC}") = "EventHub", "EventHub\EventHub.csproj", "{F9F175E7-8502-471E-B33D-9129DF10DE57}"
EndProject
Global
	GlobalSection(SolutionConfigurationPlatforms) = preSolution
		Debug|Any CPU = Debug|Any CPU
		Release|Any CPU = Release|Any CPU
	EndGlobalSection
	GlobalSection(ProjectConfigurationPlatforms) = postSolution
		{F9F175E7-8502-471E-B33D-9129DF10DE57}.Debug|Any CPU.ActiveCfg = Debug|Any CPU
		{F9F175E7-8502-471E-B33D-9129DF10DE57}.Debug|Any CPU.Build.0 = Debug|Any CPU
		{F9F175E7-8502-471E-B33D-9129DF10DE57}.Release|Any CPU.ActiveCfg = Release|Any CPU
		{F9F175E7-8502-471E-B33D-9129DF10DE57}.Release|Any CPU.Build.0 = Release|Any CPU
	EndGlobalSection
	GlobalSection(SolutionProperties) = preSolution
		HideSolutionNode = FALSE
	EndGlobalSection
	GlobalSection(ExtensibilityGlobals) = postSolution
		SolutionGuid = {C108A19C-E902-4952-86BC-0EDFC8CCE6B0}
	EndGlobalSection
EndGlobal
